
Microsoft Visual Studio Solution File, Format Version 12.00
# Visual Studio Version 17
VisualStudioVersion = 17.13.35818.85
MinimumVisualStudioVersion = 10.0.40219.1
Project("{8BC9CEB8-8B4A-11D0-8D11-00A0C91BC942}") = "01Intro", "01Intro\01Intro.vcxproj", "{F47FCB96-AAE9-4759-9E34-638AED530412}"
EndProject
Project("{2150E333-8FDC-42A3-9474-1A3956D46DE8}") = "Solution Items", "Solution Items", "{8EC462FD-D22E-90A8-E5CE-7E832BA40C5D}"
EndProject
Project("{8BC9CEB8-8B4A-11D0-8D11-00A0C91BC942}") = "LogicOperators", "LogicOperators\LogicOperators.vcxproj", "{4D46D115-D6BF-4C03-9D94-889477C59A8E}"
EndProject
Project("{8BC9CEB8-8B4A-11D0-8D11-00A0C91BC942}") = "SwitchEnum", "SwitchEnum\SwitchEnum.vcxproj", "{BACD9660-B223-4AE5-8D71-F3ADA3E327B7}"
EndProject
Project("{8BC9CEB8-8B4A-11D0-8D11-00A0C91BC942}") = "ForDebuger", "ForDebuger\ForDebuger.vcxproj", "{D0FB4996-C6A3-4CF8-BEAB-E67F7DA81E55}"
EndProject
Project("{8BC9CEB8-8B4A-11D0-8D11-00A0C91BC942}") = "Arrea", "Arrea\Arrea.vcxproj", "{8787C291-556E-4F8B-A0B3-7A7230D4977D}"
EndProject
Project("{8BC9CEB8-8B4A-11D0-8D11-00A0C91BC942}") = "RandomMatrix", "ConsoleApplication1\ConsoleApplication1.vcxproj", "{786A58D0-48F2-4906-9E2C-5EBE133D3BC2}"
EndProject
Project("{8BC9CEB8-8B4A-11D0-8D11-00A0C91BC942}") = "Function", "Function\Function.vcxproj", "{5292F6CB-820E-41C4-BCB1-A4EECF8E00A6}"
EndProject
Project("{8BC9CEB8-8B4A-11D0-8D11-00A0C91BC942}") = "FunctionPart2", "FunctionPart2\FunctionPart2.vcxproj", "{EC998726-FF8C-4DB0-AA2C-9F9C4D8E0EC7}"
EndProject
Project("{8BC9CEB8-8B4A-11D0-8D11-00A0C91BC942}") = "Sort.search", "Sort.search\Sort.search.vcxproj", "{DDD2E5E8-2320-436C-A1B8-C2413E9F2479}"
EndProject
Project("{8BC9CEB8-8B4A-11D0-8D11-00A0C91BC942}") = "TestNew", "TestNew\TestNew.vcxproj", "{DA07F0E2-A8FD-4BF5-8961-A34931590272}"
EndProject
Project("{8BC9CEB8-8B4A-11D0-8D11-00A0C91BC942}") = "Pointers", "Pointers\Pointers.vcxproj", "{ED3E9F11-FF02-4E61-906C-AF4A1A41860F}"
EndProject
Project("{8BC9CEB8-8B4A-11D0-8D11-00A0C91BC942}") = "PointersPartTwo", "PointersPartTwo\PointersPartTwo.vcxproj", "{FC364F8C-4505-42F3-8B31-FC942BF65082}"
EndProject
Project("{8BC9CEB8-8B4A-11D0-8D11-00A0C91BC942}") = "Links", "Links\Links.vcxproj", "{AFBE9709-9192-4469-AB61-CD15D0440BF9}"
EndProject
Project("{8BC9CEB8-8B4A-11D0-8D11-00A0C91BC942}") = "FormatFunction", "FormatFunction\FormatFunction.vcxproj", "{C000399D-BC67-4B5C-AE0A-D87EF69B2635}"
EndProject
Project("{8BC9CEB8-8B4A-11D0-8D11-00A0C91BC942}") = "DinamicMemoryPointers", "DinamicMemoryPointers\DinamicMemoryPointers.vcxproj", "{80C8EC21-B361-4057-BBB7-A2A0207A3917}"
EndProject
Project("{8BC9CEB8-8B4A-11D0-8D11-00A0C91BC942}") = "DinamicArray", "DinamicArray\DinamicArray.vcxproj", "{38DC6CC8-275C-46F2-B01A-9005E94C6958}"
EndProject
Project("{8BC9CEB8-8B4A-11D0-8D11-00A0C91BC942}") = "FunctionPointers", "FunctionPointers\FunctionPointers.vcxproj", "{B2C9493C-B218-4B6A-A9A2-B0CF5C911DCF}"
EndProject
Project("{8BC9CEB8-8B4A-11D0-8D11-00A0C91BC942}") = "FunctionPointersPart2", "FunctionPointersPart2\FunctionPointersPart2.vcxproj", "{C34A3B8E-40A9-4777-98E7-702895DCA6F6}"
EndProject
Project("{8BC9CEB8-8B4A-11D0-8D11-00A0C91BC942}") = "MeaningOfFunctions", "MeaningOfFunctions\MeaningOfFunctions.vcxproj", "{87B26B94-63E7-4942-94D9-AB5E59E0EBD4}"
EndProject
Project("{8BC9CEB8-8B4A-11D0-8D11-00A0C91BC942}") = "DinamicArrayPartTwo", "DinamicArrayPartTwo\DinamicArrayPartTwo.vcxproj", "{F82F2A4D-517E-4E2F-853C-DDEC9A88B215}"
EndProject
Project("{8BC9CEB8-8B4A-11D0-8D11-00A0C91BC942}") = "YouTuBeCodes", "YouTuBeCodes\YouTuBeCodes.vcxproj", "{F1273552-A339-4FE0-BF2C-C26292E76E72}"
EndProject
Project("{8BC9CEB8-8B4A-11D0-8D11-00A0C91BC942}") = "CodeFromYouTuBe", "CodeFromYouTuBe\CodeFromYouTuBe.vcxproj", "{0ACF8C47-305D-4EDD-AD3D-2D9D71019ADA}"
EndProject
Project("{8BC9CEB8-8B4A-11D0-8D11-00A0C91BC942}") = "Structures", "Structures\Structures.vcxproj", "{94E79BAE-6DFC-4256-99AB-9E58A0FD1E1C}"
EndProject
Project("{8BC9CEB8-8B4A-11D0-8D11-00A0C91BC942}") = "Union-Files", "Union-Files\Union-Files.vcxproj", "{79A181AA-B6AC-4094-9A5C-F8A948EEF14B}"
EndProject
Project("{8BC9CEB8-8B4A-11D0-8D11-00A0C91BC942}") = "FilesPartTwo", "FilesPartTwo\FilesPartTwo.vcxproj", "{08D36C04-439C-4F1A-B282-1B992E6B3B53}"
EndProject
Project("{8BC9CEB8-8B4A-11D0-8D11-00A0C91BC942}") = "StructuresPart2", "StructuresPart2\StructuresPart2.vcxproj", "{0105A9AC-74B2-41E3-82B9-0032EAD36CDD}"
EndProject
Project("{8BC9CEB8-8B4A-11D0-8D11-00A0C91BC942}") = "Test2", "Test2\Test2.vcxproj", "{1CAA19FE-D408-48F8-ADDC-73F531F9FFB8}"
EndProject
Project("{8BC9CEB8-8B4A-11D0-8D11-00A0C91BC942}") = "UnionFilesHomework", "UnionFilesHomework\UnionFilesHomework.vcxproj", "{C8AFCD8E-F83A-48DA-A66D-D8CDD42FF840}"
EndProject
Project("{8BC9CEB8-8B4A-11D0-8D11-00A0C91BC942}") = "Classes02part1", "Classes02part1\Classes02part1.vcxproj", "{4BAA5F24-A87F-45F5-AB67-F3D258F2F4EE}"
EndProject
Project("{8BC9CEB8-8B4A-11D0-8D11-00A0C91BC942}") = "16-IntroToOOP", "16-IntroToOOP\16-IntroToOOP.vcxproj", "{F28CDD3E-7275-4100-A835-7B47BE2C1F64}"
EndProject
Project("{8BC9CEB8-8B4A-11D0-8D11-00A0C91BC942}") = "TestColors", "TestColors\TestColors.vcxproj", "{765A2C89-93D6-4304-9C0A-530EC0A10138}"
EndProject
Project("{8BC9CEB8-8B4A-11D0-8D11-00A0C91BC942}") = "17-CopyConstructor", "17-CopyConstructor\17-CopyConstructor.vcxproj", "{DB7FAF9A-2663-470C-AF50-5BF354C521A6}"
EndProject
Project("{8BC9CEB8-8B4A-11D0-8D11-00A0C91BC942}") = "16-ConstructorDeconstructor", "16-ConstructorDeconstructor\16-ConstructorDeconstructor.vcxproj", "{81C3F09A-AD5D-458D-852F-36D6A80CFADC}"
EndProject
Project("{8BC9CEB8-8B4A-11D0-8D11-00A0C91BC942}") = "Templare", "Templare\Templare.vcxproj", "{8CB8517C-01C3-4E22-A52A-75DFAC90D299}"
EndProject
Project("{8BC9CEB8-8B4A-11D0-8D11-00A0C91BC942}") = "Templare2", "Templare2\Templare2.vcxproj", "{6DC976D0-D795-48D5-99F8-EB303ADEEBAB}"
EndProject
Project("{8BC9CEB8-8B4A-11D0-8D11-00A0C91BC942}") = "New", "New\New.vcxproj", "{DDAD3540-5221-45FF-B12C-ECB3D6132217}"
EndProject
Project("{8BC9CEB8-8B4A-11D0-8D11-00A0C91BC942}") = "21_OverloadOperators", "21_OverloadOperators\21_OverloadOperators.vcxproj", "{D6D24B13-9559-415A-B010-0A3A77C91105}"
EndProject
Project("{8BC9CEB8-8B4A-11D0-8D11-00A0C91BC942}") = "19_Delegation", "19_Delegation\19_Delegation.vcxproj", "{222D8ADD-0DF9-4E47-834B-3E5B631D20FD}"
EndProject
Project("{8BC9CEB8-8B4A-11D0-8D11-00A0C91BC942}") = "22_OverloadTypes", "22_OverloadTypes\22_OverloadTypes.vcxproj", "{29BD486D-2881-49E7-895E-32440EB91357}"
EndProject
Project("{8BC9CEB8-8B4A-11D0-8D11-00A0C91BC942}") = "20_Explicit", "20_Explicit\20_Explicit.vcxproj", "{B00EE3D6-A4D7-4C35-8310-FB120C69A685}"
EndProject
Project("{8BC9CEB8-8B4A-11D0-8D11-00A0C91BC942}") = "23_Move_ConstructorOperatorOOP", "23_Move_ConstructorOperatorOOP\23_Move_ConstructorOperatorOOP.vcxproj", "{95BC4402-37CE-4F35-98D8-54EBCFBC07D1}"
EndProject
Project("{8BC9CEB8-8B4A-11D0-8D11-00A0C91BC942}") = "25_InitializerList", "25_InitializerList\25_InitializerList.vcxproj", "{F407A95B-845B-4F2F-8556-936A16A348F6}"
EndProject
Project("{8BC9CEB8-8B4A-11D0-8D11-00A0C91BC942}") = "26_01_Stack", "26_01_Stack\26_01_Stack.vcxproj", "{1D519DBA-FC6A-49FB-871D-3A7B08DBE448}"
EndProject
Project("{8BC9CEB8-8B4A-11D0-8D11-00A0C91BC942}") = "ConsoleApplication2", "ConsoleApplication2\ConsoleApplication2.vcxproj", "{FD505CEB-F42D-41E3-898C-B27BE5C6D125}"
EndProject
Project("{8BC9CEB8-8B4A-11D0-8D11-00A0C91BC942}") = "28_SingleLinkedList.cpp", "28_SingleLinkedList.cpp\28_SingleLinkedList.cpp.vcxproj", "{32A2F00D-3242-4C87-A3E2-C989A7695BCE}"
EndProject
Project("{8BC9CEB8-8B4A-11D0-8D11-00A0C91BC942}") = "29_DoubleLinkedList", "29_DoubleLinkedList\29_DoubleLinkedList.vcxproj", "{904E7026-613C-41F2-9494-AE833C91D9D0}"
EndProject
Global
	GlobalSection(SolutionConfigurationPlatforms) = preSolution
		Debug|x64 = Debug|x64
		Debug|x86 = Debug|x86
		Release|x64 = Release|x64
		Release|x86 = Release|x86
	EndGlobalSection
	GlobalSection(ProjectConfigurationPlatforms) = postSolution
		{F47FCB96-AAE9-4759-9E34-638AED530412}.Debug|x64.ActiveCfg = Debug|x64
		{F47FCB96-AAE9-4759-9E34-638AED530412}.Debug|x64.Build.0 = Debug|x64
		{F47FCB96-AAE9-4759-9E34-638AED530412}.Debug|x86.ActiveCfg = Debug|Win32
		{F47FCB96-AAE9-4759-9E34-638AED530412}.Debug|x86.Build.0 = Debug|Win32
		{F47FCB96-AAE9-4759-9E34-638AED530412}.Release|x64.ActiveCfg = Release|x64
		{F47FCB96-AAE9-4759-9E34-638AED530412}.Release|x64.Build.0 = Release|x64
		{F47FCB96-AAE9-4759-9E34-638AED530412}.Release|x86.ActiveCfg = Release|Win32
		{F47FCB96-AAE9-4759-9E34-638AED530412}.Release|x86.Build.0 = Release|Win32
		{4D46D115-D6BF-4C03-9D94-889477C59A8E}.Debug|x64.ActiveCfg = Debug|x64
		{4D46D115-D6BF-4C03-9D94-889477C59A8E}.Debug|x64.Build.0 = Debug|x64
		{4D46D115-D6BF-4C03-9D94-889477C59A8E}.Debug|x86.ActiveCfg = Debug|Win32
		{4D46D115-D6BF-4C03-9D94-889477C59A8E}.Debug|x86.Build.0 = Debug|Win32
		{4D46D115-D6BF-4C03-9D94-889477C59A8E}.Release|x64.ActiveCfg = Release|x64
		{4D46D115-D6BF-4C03-9D94-889477C59A8E}.Release|x64.Build.0 = Release|x64
		{4D46D115-D6BF-4C03-9D94-889477C59A8E}.Release|x86.ActiveCfg = Release|Win32
		{4D46D115-D6BF-4C03-9D94-889477C59A8E}.Release|x86.Build.0 = Release|Win32
		{BACD9660-B223-4AE5-8D71-F3ADA3E327B7}.Debug|x64.ActiveCfg = Debug|x64
		{BACD9660-B223-4AE5-8D71-F3ADA3E327B7}.Debug|x64.Build.0 = Debug|x64
		{BACD9660-B223-4AE5-8D71-F3ADA3E327B7}.Debug|x86.ActiveCfg = Debug|Win32
		{BACD9660-B223-4AE5-8D71-F3ADA3E327B7}.Debug|x86.Build.0 = Debug|Win32
		{BACD9660-B223-4AE5-8D71-F3ADA3E327B7}.Release|x64.ActiveCfg = Release|x64
		{BACD9660-B223-4AE5-8D71-F3ADA3E327B7}.Release|x64.Build.0 = Release|x64
		{BACD9660-B223-4AE5-8D71-F3ADA3E327B7}.Release|x86.ActiveCfg = Release|Win32
		{BACD9660-B223-4AE5-8D71-F3ADA3E327B7}.Release|x86.Build.0 = Release|Win32
		{D0FB4996-C6A3-4CF8-BEAB-E67F7DA81E55}.Debug|x64.ActiveCfg = Debug|x64
		{D0FB4996-C6A3-4CF8-BEAB-E67F7DA81E55}.Debug|x64.Build.0 = Debug|x64
		{D0FB4996-C6A3-4CF8-BEAB-E67F7DA81E55}.Debug|x86.ActiveCfg = Debug|Win32
		{D0FB4996-C6A3-4CF8-BEAB-E67F7DA81E55}.Debug|x86.Build.0 = Debug|Win32
		{D0FB4996-C6A3-4CF8-BEAB-E67F7DA81E55}.Release|x64.ActiveCfg = Release|x64
		{D0FB4996-C6A3-4CF8-BEAB-E67F7DA81E55}.Release|x64.Build.0 = Release|x64
		{D0FB4996-C6A3-4CF8-BEAB-E67F7DA81E55}.Release|x86.ActiveCfg = Release|Win32
		{D0FB4996-C6A3-4CF8-BEAB-E67F7DA81E55}.Release|x86.Build.0 = Release|Win32
		{8787C291-556E-4F8B-A0B3-7A7230D4977D}.Debug|x64.ActiveCfg = Debug|x64
		{8787C291-556E-4F8B-A0B3-7A7230D4977D}.Debug|x64.Build.0 = Debug|x64
		{8787C291-556E-4F8B-A0B3-7A7230D4977D}.Debug|x86.ActiveCfg = Debug|Win32
		{8787C291-556E-4F8B-A0B3-7A7230D4977D}.Debug|x86.Build.0 = Debug|Win32
		{8787C291-556E-4F8B-A0B3-7A7230D4977D}.Release|x64.ActiveCfg = Release|x64
		{8787C291-556E-4F8B-A0B3-7A7230D4977D}.Release|x64.Build.0 = Release|x64
		{8787C291-556E-4F8B-A0B3-7A7230D4977D}.Release|x86.ActiveCfg = Release|Win32
		{8787C291-556E-4F8B-A0B3-7A7230D4977D}.Release|x86.Build.0 = Release|Win32
		{786A58D0-48F2-4906-9E2C-5EBE133D3BC2}.Debug|x64.ActiveCfg = Debug|x64
		{786A58D0-48F2-4906-9E2C-5EBE133D3BC2}.Debug|x64.Build.0 = Debug|x64
		{786A58D0-48F2-4906-9E2C-5EBE133D3BC2}.Debug|x86.ActiveCfg = Debug|Win32
		{786A58D0-48F2-4906-9E2C-5EBE133D3BC2}.Debug|x86.Build.0 = Debug|Win32
		{786A58D0-48F2-4906-9E2C-5EBE133D3BC2}.Release|x64.ActiveCfg = Release|x64
		{786A58D0-48F2-4906-9E2C-5EBE133D3BC2}.Release|x64.Build.0 = Release|x64
		{786A58D0-48F2-4906-9E2C-5EBE133D3BC2}.Release|x86.ActiveCfg = Release|Win32
		{786A58D0-48F2-4906-9E2C-5EBE133D3BC2}.Release|x86.Build.0 = Release|Win32
		{5292F6CB-820E-41C4-BCB1-A4EECF8E00A6}.Debug|x64.ActiveCfg = Debug|x64
		{5292F6CB-820E-41C4-BCB1-A4EECF8E00A6}.Debug|x64.Build.0 = Debug|x64
		{5292F6CB-820E-41C4-BCB1-A4EECF8E00A6}.Debug|x86.ActiveCfg = Debug|Win32
		{5292F6CB-820E-41C4-BCB1-A4EECF8E00A6}.Debug|x86.Build.0 = Debug|Win32
		{5292F6CB-820E-41C4-BCB1-A4EECF8E00A6}.Release|x64.ActiveCfg = Release|x64
		{5292F6CB-820E-41C4-BCB1-A4EECF8E00A6}.Release|x64.Build.0 = Release|x64
		{5292F6CB-820E-41C4-BCB1-A4EECF8E00A6}.Release|x86.ActiveCfg = Release|Win32
		{5292F6CB-820E-41C4-BCB1-A4EECF8E00A6}.Release|x86.Build.0 = Release|Win32
		{EC998726-FF8C-4DB0-AA2C-9F9C4D8E0EC7}.Debug|x64.ActiveCfg = Debug|x64
		{EC998726-FF8C-4DB0-AA2C-9F9C4D8E0EC7}.Debug|x64.Build.0 = Debug|x64
		{EC998726-FF8C-4DB0-AA2C-9F9C4D8E0EC7}.Debug|x86.ActiveCfg = Debug|Win32
		{EC998726-FF8C-4DB0-AA2C-9F9C4D8E0EC7}.Debug|x86.Build.0 = Debug|Win32
		{EC998726-FF8C-4DB0-AA2C-9F9C4D8E0EC7}.Release|x64.ActiveCfg = Release|x64
		{EC998726-FF8C-4DB0-AA2C-9F9C4D8E0EC7}.Release|x64.Build.0 = Release|x64
		{EC998726-FF8C-4DB0-AA2C-9F9C4D8E0EC7}.Release|x86.ActiveCfg = Release|Win32
		{EC998726-FF8C-4DB0-AA2C-9F9C4D8E0EC7}.Release|x86.Build.0 = Release|Win32
		{DDD2E5E8-2320-436C-A1B8-C2413E9F2479}.Debug|x64.ActiveCfg = Debug|x64
		{DDD2E5E8-2320-436C-A1B8-C2413E9F2479}.Debug|x64.Build.0 = Debug|x64
		{DDD2E5E8-2320-436C-A1B8-C2413E9F2479}.Debug|x86.ActiveCfg = Debug|Win32
		{DDD2E5E8-2320-436C-A1B8-C2413E9F2479}.Debug|x86.Build.0 = Debug|Win32
		{DDD2E5E8-2320-436C-A1B8-C2413E9F2479}.Release|x64.ActiveCfg = Release|x64
		{DDD2E5E8-2320-436C-A1B8-C2413E9F2479}.Release|x64.Build.0 = Release|x64
		{DDD2E5E8-2320-436C-A1B8-C2413E9F2479}.Release|x86.ActiveCfg = Release|Win32
		{DDD2E5E8-2320-436C-A1B8-C2413E9F2479}.Release|x86.Build.0 = Release|Win32
		{DA07F0E2-A8FD-4BF5-8961-A34931590272}.Debug|x64.ActiveCfg = Debug|x64
		{DA07F0E2-A8FD-4BF5-8961-A34931590272}.Debug|x64.Build.0 = Debug|x64
		{DA07F0E2-A8FD-4BF5-8961-A34931590272}.Debug|x86.ActiveCfg = Debug|Win32
		{DA07F0E2-A8FD-4BF5-8961-A34931590272}.Debug|x86.Build.0 = Debug|Win32
		{DA07F0E2-A8FD-4BF5-8961-A34931590272}.Release|x64.ActiveCfg = Release|x64
		{DA07F0E2-A8FD-4BF5-8961-A34931590272}.Release|x64.Build.0 = Release|x64
		{DA07F0E2-A8FD-4BF5-8961-A34931590272}.Release|x86.ActiveCfg = Release|Win32
		{DA07F0E2-A8FD-4BF5-8961-A34931590272}.Release|x86.Build.0 = Release|Win32
		{ED3E9F11-FF02-4E61-906C-AF4A1A41860F}.Debug|x64.ActiveCfg = Debug|x64
		{ED3E9F11-FF02-4E61-906C-AF4A1A41860F}.Debug|x64.Build.0 = Debug|x64
		{ED3E9F11-FF02-4E61-906C-AF4A1A41860F}.Debug|x86.ActiveCfg = Debug|Win32
		{ED3E9F11-FF02-4E61-906C-AF4A1A41860F}.Debug|x86.Build.0 = Debug|Win32
		{ED3E9F11-FF02-4E61-906C-AF4A1A41860F}.Release|x64.ActiveCfg = Release|x64
		{ED3E9F11-FF02-4E61-906C-AF4A1A41860F}.Release|x64.Build.0 = Release|x64
		{ED3E9F11-FF02-4E61-906C-AF4A1A41860F}.Release|x86.ActiveCfg = Release|Win32
		{ED3E9F11-FF02-4E61-906C-AF4A1A41860F}.Release|x86.Build.0 = Release|Win32
		{FC364F8C-4505-42F3-8B31-FC942BF65082}.Debug|x64.ActiveCfg = Debug|x64
		{FC364F8C-4505-42F3-8B31-FC942BF65082}.Debug|x64.Build.0 = Debug|x64
		{FC364F8C-4505-42F3-8B31-FC942BF65082}.Debug|x86.ActiveCfg = Debug|Win32
		{FC364F8C-4505-42F3-8B31-FC942BF65082}.Debug|x86.Build.0 = Debug|Win32
		{FC364F8C-4505-42F3-8B31-FC942BF65082}.Release|x64.ActiveCfg = Release|x64
		{FC364F8C-4505-42F3-8B31-FC942BF65082}.Release|x64.Build.0 = Release|x64
		{FC364F8C-4505-42F3-8B31-FC942BF65082}.Release|x86.ActiveCfg = Release|Win32
		{FC364F8C-4505-42F3-8B31-FC942BF65082}.Release|x86.Build.0 = Release|Win32
		{AFBE9709-9192-4469-AB61-CD15D0440BF9}.Debug|x64.ActiveCfg = Debug|x64
		{AFBE9709-9192-4469-AB61-CD15D0440BF9}.Debug|x64.Build.0 = Debug|x64
		{AFBE9709-9192-4469-AB61-CD15D0440BF9}.Debug|x86.ActiveCfg = Debug|Win32
		{AFBE9709-9192-4469-AB61-CD15D0440BF9}.Debug|x86.Build.0 = Debug|Win32
		{AFBE9709-9192-4469-AB61-CD15D0440BF9}.Release|x64.ActiveCfg = Release|x64
		{AFBE9709-9192-4469-AB61-CD15D0440BF9}.Release|x64.Build.0 = Release|x64
		{AFBE9709-9192-4469-AB61-CD15D0440BF9}.Release|x86.ActiveCfg = Release|Win32
		{AFBE9709-9192-4469-AB61-CD15D0440BF9}.Release|x86.Build.0 = Release|Win32
		{C000399D-BC67-4B5C-AE0A-D87EF69B2635}.Debug|x64.ActiveCfg = Debug|x64
		{C000399D-BC67-4B5C-AE0A-D87EF69B2635}.Debug|x64.Build.0 = Debug|x64
		{C000399D-BC67-4B5C-AE0A-D87EF69B2635}.Debug|x86.ActiveCfg = Debug|Win32
		{C000399D-BC67-4B5C-AE0A-D87EF69B2635}.Debug|x86.Build.0 = Debug|Win32
		{C000399D-BC67-4B5C-AE0A-D87EF69B2635}.Release|x64.ActiveCfg = Release|x64
		{C000399D-BC67-4B5C-AE0A-D87EF69B2635}.Release|x64.Build.0 = Release|x64
		{C000399D-BC67-4B5C-AE0A-D87EF69B2635}.Release|x86.ActiveCfg = Release|Win32
		{C000399D-BC67-4B5C-AE0A-D87EF69B2635}.Release|x86.Build.0 = Release|Win32
		{80C8EC21-B361-4057-BBB7-A2A0207A3917}.Debug|x64.ActiveCfg = Debug|x64
		{80C8EC21-B361-4057-BBB7-A2A0207A3917}.Debug|x64.Build.0 = Debug|x64
		{80C8EC21-B361-4057-BBB7-A2A0207A3917}.Debug|x86.ActiveCfg = Debug|Win32
		{80C8EC21-B361-4057-BBB7-A2A0207A3917}.Debug|x86.Build.0 = Debug|Win32
		{80C8EC21-B361-4057-BBB7-A2A0207A3917}.Release|x64.ActiveCfg = Release|x64
		{80C8EC21-B361-4057-BBB7-A2A0207A3917}.Release|x64.Build.0 = Release|x64
		{80C8EC21-B361-4057-BBB7-A2A0207A3917}.Release|x86.ActiveCfg = Release|Win32
		{80C8EC21-B361-4057-BBB7-A2A0207A3917}.Release|x86.Build.0 = Release|Win32
		{38DC6CC8-275C-46F2-B01A-9005E94C6958}.Debug|x64.ActiveCfg = Debug|x64
		{38DC6CC8-275C-46F2-B01A-9005E94C6958}.Debug|x64.Build.0 = Debug|x64
		{38DC6CC8-275C-46F2-B01A-9005E94C6958}.Debug|x86.ActiveCfg = Debug|Win32
		{38DC6CC8-275C-46F2-B01A-9005E94C6958}.Debug|x86.Build.0 = Debug|Win32
		{38DC6CC8-275C-46F2-B01A-9005E94C6958}.Release|x64.ActiveCfg = Release|x64
		{38DC6CC8-275C-46F2-B01A-9005E94C6958}.Release|x64.Build.0 = Release|x64
		{38DC6CC8-275C-46F2-B01A-9005E94C6958}.Release|x86.ActiveCfg = Release|Win32
		{38DC6CC8-275C-46F2-B01A-9005E94C6958}.Release|x86.Build.0 = Release|Win32
		{B2C9493C-B218-4B6A-A9A2-B0CF5C911DCF}.Debug|x64.ActiveCfg = Debug|x64
		{B2C9493C-B218-4B6A-A9A2-B0CF5C911DCF}.Debug|x64.Build.0 = Debug|x64
		{B2C9493C-B218-4B6A-A9A2-B0CF5C911DCF}.Debug|x86.ActiveCfg = Debug|Win32
		{B2C9493C-B218-4B6A-A9A2-B0CF5C911DCF}.Debug|x86.Build.0 = Debug|Win32
		{B2C9493C-B218-4B6A-A9A2-B0CF5C911DCF}.Release|x64.ActiveCfg = Release|x64
		{B2C9493C-B218-4B6A-A9A2-B0CF5C911DCF}.Release|x64.Build.0 = Release|x64
		{B2C9493C-B218-4B6A-A9A2-B0CF5C911DCF}.Release|x86.ActiveCfg = Release|Win32
		{B2C9493C-B218-4B6A-A9A2-B0CF5C911DCF}.Release|x86.Build.0 = Release|Win32
		{C34A3B8E-40A9-4777-98E7-702895DCA6F6}.Debug|x64.ActiveCfg = Debug|x64
		{C34A3B8E-40A9-4777-98E7-702895DCA6F6}.Debug|x64.Build.0 = Debug|x64
		{C34A3B8E-40A9-4777-98E7-702895DCA6F6}.Debug|x86.ActiveCfg = Debug|Win32
		{C34A3B8E-40A9-4777-98E7-702895DCA6F6}.Debug|x86.Build.0 = Debug|Win32
		{C34A3B8E-40A9-4777-98E7-702895DCA6F6}.Release|x64.ActiveCfg = Release|x64
		{C34A3B8E-40A9-4777-98E7-702895DCA6F6}.Release|x64.Build.0 = Release|x64
		{C34A3B8E-40A9-4777-98E7-702895DCA6F6}.Release|x86.ActiveCfg = Release|Win32
		{C34A3B8E-40A9-4777-98E7-702895DCA6F6}.Release|x86.Build.0 = Release|Win32
		{87B26B94-63E7-4942-94D9-AB5E59E0EBD4}.Debug|x64.ActiveCfg = Debug|x64
		{87B26B94-63E7-4942-94D9-AB5E59E0EBD4}.Debug|x64.Build.0 = Debug|x64
		{87B26B94-63E7-4942-94D9-AB5E59E0EBD4}.Debug|x86.ActiveCfg = Debug|Win32
		{87B26B94-63E7-4942-94D9-AB5E59E0EBD4}.Debug|x86.Build.0 = Debug|Win32
		{87B26B94-63E7-4942-94D9-AB5E59E0EBD4}.Release|x64.ActiveCfg = Release|x64
		{87B26B94-63E7-4942-94D9-AB5E59E0EBD4}.Release|x64.Build.0 = Release|x64
		{87B26B94-63E7-4942-94D9-AB5E59E0EBD4}.Release|x86.ActiveCfg = Release|Win32
		{87B26B94-63E7-4942-94D9-AB5E59E0EBD4}.Release|x86.Build.0 = Release|Win32
		{F82F2A4D-517E-4E2F-853C-DDEC9A88B215}.Debug|x64.ActiveCfg = Debug|x64
		{F82F2A4D-517E-4E2F-853C-DDEC9A88B215}.Debug|x64.Build.0 = Debug|x64
		{F82F2A4D-517E-4E2F-853C-DDEC9A88B215}.Debug|x86.ActiveCfg = Debug|Win32
		{F82F2A4D-517E-4E2F-853C-DDEC9A88B215}.Debug|x86.Build.0 = Debug|Win32
		{F82F2A4D-517E-4E2F-853C-DDEC9A88B215}.Release|x64.ActiveCfg = Release|x64
		{F82F2A4D-517E-4E2F-853C-DDEC9A88B215}.Release|x64.Build.0 = Release|x64
		{F82F2A4D-517E-4E2F-853C-DDEC9A88B215}.Release|x86.ActiveCfg = Release|Win32
		{F82F2A4D-517E-4E2F-853C-DDEC9A88B215}.Release|x86.Build.0 = Release|Win32
		{F1273552-A339-4FE0-BF2C-C26292E76E72}.Debug|x64.ActiveCfg = Debug|x64
		{F1273552-A339-4FE0-BF2C-C26292E76E72}.Debug|x64.Build.0 = Debug|x64
		{F1273552-A339-4FE0-BF2C-C26292E76E72}.Debug|x86.ActiveCfg = Debug|Win32
		{F1273552-A339-4FE0-BF2C-C26292E76E72}.Debug|x86.Build.0 = Debug|Win32
		{F1273552-A339-4FE0-BF2C-C26292E76E72}.Release|x64.ActiveCfg = Release|x64
		{F1273552-A339-4FE0-BF2C-C26292E76E72}.Release|x64.Build.0 = Release|x64
		{F1273552-A339-4FE0-BF2C-C26292E76E72}.Release|x86.ActiveCfg = Release|Win32
		{F1273552-A339-4FE0-BF2C-C26292E76E72}.Release|x86.Build.0 = Release|Win32
		{0ACF8C47-305D-4EDD-AD3D-2D9D71019ADA}.Debug|x64.ActiveCfg = Debug|x64
		{0ACF8C47-305D-4EDD-AD3D-2D9D71019ADA}.Debug|x64.Build.0 = Debug|x64
		{0ACF8C47-305D-4EDD-AD3D-2D9D71019ADA}.Debug|x86.ActiveCfg = Debug|Win32
		{0ACF8C47-305D-4EDD-AD3D-2D9D71019ADA}.Debug|x86.Build.0 = Debug|Win32
		{0ACF8C47-305D-4EDD-AD3D-2D9D71019ADA}.Release|x64.ActiveCfg = Release|x64
		{0ACF8C47-305D-4EDD-AD3D-2D9D71019ADA}.Release|x64.Build.0 = Release|x64
		{0ACF8C47-305D-4EDD-AD3D-2D9D71019ADA}.Release|x86.ActiveCfg = Release|Win32
		{0ACF8C47-305D-4EDD-AD3D-2D9D71019ADA}.Release|x86.Build.0 = Release|Win32
		{94E79BAE-6DFC-4256-99AB-9E58A0FD1E1C}.Debug|x64.ActiveCfg = Debug|x64
		{94E79BAE-6DFC-4256-99AB-9E58A0FD1E1C}.Debug|x64.Build.0 = Debug|x64
		{94E79BAE-6DFC-4256-99AB-9E58A0FD1E1C}.Debug|x86.ActiveCfg = Debug|Win32
		{94E79BAE-6DFC-4256-99AB-9E58A0FD1E1C}.Debug|x86.Build.0 = Debug|Win32
		{94E79BAE-6DFC-4256-99AB-9E58A0FD1E1C}.Release|x64.ActiveCfg = Release|x64
		{94E79BAE-6DFC-4256-99AB-9E58A0FD1E1C}.Release|x64.Build.0 = Release|x64
		{94E79BAE-6DFC-4256-99AB-9E58A0FD1E1C}.Release|x86.ActiveCfg = Release|Win32
		{94E79BAE-6DFC-4256-99AB-9E58A0FD1E1C}.Release|x86.Build.0 = Release|Win32
		{79A181AA-B6AC-4094-9A5C-F8A948EEF14B}.Debug|x64.ActiveCfg = Debug|x64
		{79A181AA-B6AC-4094-9A5C-F8A948EEF14B}.Debug|x64.Build.0 = Debug|x64
		{79A181AA-B6AC-4094-9A5C-F8A948EEF14B}.Debug|x86.ActiveCfg = Debug|Win32
		{79A181AA-B6AC-4094-9A5C-F8A948EEF14B}.Debug|x86.Build.0 = Debug|Win32
		{79A181AA-B6AC-4094-9A5C-F8A948EEF14B}.Release|x64.ActiveCfg = Release|x64
		{79A181AA-B6AC-4094-9A5C-F8A948EEF14B}.Release|x64.Build.0 = Release|x64
		{79A181AA-B6AC-4094-9A5C-F8A948EEF14B}.Release|x86.ActiveCfg = Release|Win32
		{79A181AA-B6AC-4094-9A5C-F8A948EEF14B}.Release|x86.Build.0 = Release|Win32
		{08D36C04-439C-4F1A-B282-1B992E6B3B53}.Debug|x64.ActiveCfg = Debug|x64
		{08D36C04-439C-4F1A-B282-1B992E6B3B53}.Debug|x64.Build.0 = Debug|x64
		{08D36C04-439C-4F1A-B282-1B992E6B3B53}.Debug|x86.ActiveCfg = Debug|Win32
		{08D36C04-439C-4F1A-B282-1B992E6B3B53}.Debug|x86.Build.0 = Debug|Win32
		{08D36C04-439C-4F1A-B282-1B992E6B3B53}.Release|x64.ActiveCfg = Release|x64
		{08D36C04-439C-4F1A-B282-1B992E6B3B53}.Release|x64.Build.0 = Release|x64
		{08D36C04-439C-4F1A-B282-1B992E6B3B53}.Release|x86.ActiveCfg = Release|Win32
		{08D36C04-439C-4F1A-B282-1B992E6B3B53}.Release|x86.Build.0 = Release|Win32
		{0105A9AC-74B2-41E3-82B9-0032EAD36CDD}.Debug|x64.ActiveCfg = Debug|x64
		{0105A9AC-74B2-41E3-82B9-0032EAD36CDD}.Debug|x64.Build.0 = Debug|x64
		{0105A9AC-74B2-41E3-82B9-0032EAD36CDD}.Debug|x86.ActiveCfg = Debug|Win32
		{0105A9AC-74B2-41E3-82B9-0032EAD36CDD}.Debug|x86.Build.0 = Debug|Win32
		{0105A9AC-74B2-41E3-82B9-0032EAD36CDD}.Release|x64.ActiveCfg = Release|x64
		{0105A9AC-74B2-41E3-82B9-0032EAD36CDD}.Release|x64.Build.0 = Release|x64
		{0105A9AC-74B2-41E3-82B9-0032EAD36CDD}.Release|x86.ActiveCfg = Release|Win32
		{0105A9AC-74B2-41E3-82B9-0032EAD36CDD}.Release|x86.Build.0 = Release|Win32
		{1CAA19FE-D408-48F8-ADDC-73F531F9FFB8}.Debug|x64.ActiveCfg = Debug|x64
		{1CAA19FE-D408-48F8-ADDC-73F531F9FFB8}.Debug|x64.Build.0 = Debug|x64
		{1CAA19FE-D408-48F8-ADDC-73F531F9FFB8}.Debug|x86.ActiveCfg = Debug|Win32
		{1CAA19FE-D408-48F8-ADDC-73F531F9FFB8}.Debug|x86.Build.0 = Debug|Win32
		{1CAA19FE-D408-48F8-ADDC-73F531F9FFB8}.Release|x64.ActiveCfg = Release|x64
		{1CAA19FE-D408-48F8-ADDC-73F531F9FFB8}.Release|x64.Build.0 = Release|x64
		{1CAA19FE-D408-48F8-ADDC-73F531F9FFB8}.Release|x86.ActiveCfg = Release|Win32
		{1CAA19FE-D408-48F8-ADDC-73F531F9FFB8}.Release|x86.Build.0 = Release|Win32
		{C8AFCD8E-F83A-48DA-A66D-D8CDD42FF840}.Debug|x64.ActiveCfg = Debug|x64
		{C8AFCD8E-F83A-48DA-A66D-D8CDD42FF840}.Debug|x64.Build.0 = Debug|x64
		{C8AFCD8E-F83A-48DA-A66D-D8CDD42FF840}.Debug|x86.ActiveCfg = Debug|Win32
		{C8AFCD8E-F83A-48DA-A66D-D8CDD42FF840}.Debug|x86.Build.0 = Debug|Win32
		{C8AFCD8E-F83A-48DA-A66D-D8CDD42FF840}.Release|x64.ActiveCfg = Release|x64
		{C8AFCD8E-F83A-48DA-A66D-D8CDD42FF840}.Release|x64.Build.0 = Release|x64
		{C8AFCD8E-F83A-48DA-A66D-D8CDD42FF840}.Release|x86.ActiveCfg = Release|Win32
		{C8AFCD8E-F83A-48DA-A66D-D8CDD42FF840}.Release|x86.Build.0 = Release|Win32
		{4BAA5F24-A87F-45F5-AB67-F3D258F2F4EE}.Debug|x64.ActiveCfg = Debug|x64
		{4BAA5F24-A87F-45F5-AB67-F3D258F2F4EE}.Debug|x64.Build.0 = Debug|x64
		{4BAA5F24-A87F-45F5-AB67-F3D258F2F4EE}.Debug|x86.ActiveCfg = Debug|Win32
		{4BAA5F24-A87F-45F5-AB67-F3D258F2F4EE}.Debug|x86.Build.0 = Debug|Win32
		{4BAA5F24-A87F-45F5-AB67-F3D258F2F4EE}.Release|x64.ActiveCfg = Release|x64
		{4BAA5F24-A87F-45F5-AB67-F3D258F2F4EE}.Release|x64.Build.0 = Release|x64
		{4BAA5F24-A87F-45F5-AB67-F3D258F2F4EE}.Release|x86.ActiveCfg = Release|Win32
		{4BAA5F24-A87F-45F5-AB67-F3D258F2F4EE}.Release|x86.Build.0 = Release|Win32
		{F28CDD3E-7275-4100-A835-7B47BE2C1F64}.Debug|x64.ActiveCfg = Debug|x64
		{F28CDD3E-7275-4100-A835-7B47BE2C1F64}.Debug|x64.Build.0 = Debug|x64
		{F28CDD3E-7275-4100-A835-7B47BE2C1F64}.Debug|x86.ActiveCfg = Debug|Win32
		{F28CDD3E-7275-4100-A835-7B47BE2C1F64}.Debug|x86.Build.0 = Debug|Win32
		{F28CDD3E-7275-4100-A835-7B47BE2C1F64}.Release|x64.ActiveCfg = Release|x64
		{F28CDD3E-7275-4100-A835-7B47BE2C1F64}.Release|x64.Build.0 = Release|x64
		{F28CDD3E-7275-4100-A835-7B47BE2C1F64}.Release|x86.ActiveCfg = Release|Win32
		{F28CDD3E-7275-4100-A835-7B47BE2C1F64}.Release|x86.Build.0 = Release|Win32
		{765A2C89-93D6-4304-9C0A-530EC0A10138}.Debug|x64.ActiveCfg = Debug|x64
		{765A2C89-93D6-4304-9C0A-530EC0A10138}.Debug|x64.Build.0 = Debug|x64
		{765A2C89-93D6-4304-9C0A-530EC0A10138}.Debug|x86.ActiveCfg = Debug|Win32
		{765A2C89-93D6-4304-9C0A-530EC0A10138}.Debug|x86.Build.0 = Debug|Win32
		{765A2C89-93D6-4304-9C0A-530EC0A10138}.Release|x64.ActiveCfg = Release|x64
		{765A2C89-93D6-4304-9C0A-530EC0A10138}.Release|x64.Build.0 = Release|x64
		{765A2C89-93D6-4304-9C0A-530EC0A10138}.Release|x86.ActiveCfg = Release|Win32
		{765A2C89-93D6-4304-9C0A-530EC0A10138}.Release|x86.Build.0 = Release|Win32
		{DB7FAF9A-2663-470C-AF50-5BF354C521A6}.Debug|x64.ActiveCfg = Debug|x64
		{DB7FAF9A-2663-470C-AF50-5BF354C521A6}.Debug|x64.Build.0 = Debug|x64
		{DB7FAF9A-2663-470C-AF50-5BF354C521A6}.Debug|x86.ActiveCfg = Debug|Win32
		{DB7FAF9A-2663-470C-AF50-5BF354C521A6}.Debug|x86.Build.0 = Debug|Win32
		{DB7FAF9A-2663-470C-AF50-5BF354C521A6}.Release|x64.ActiveCfg = Release|x64
		{DB7FAF9A-2663-470C-AF50-5BF354C521A6}.Release|x64.Build.0 = Release|x64
		{DB7FAF9A-2663-470C-AF50-5BF354C521A6}.Release|x86.ActiveCfg = Release|Win32
		{DB7FAF9A-2663-470C-AF50-5BF354C521A6}.Release|x86.Build.0 = Release|Win32
		{81C3F09A-AD5D-458D-852F-36D6A80CFADC}.Debug|x64.ActiveCfg = Debug|x64
		{81C3F09A-AD5D-458D-852F-36D6A80CFADC}.Debug|x64.Build.0 = Debug|x64
		{81C3F09A-AD5D-458D-852F-36D6A80CFADC}.Debug|x86.ActiveCfg = Debug|Win32
		{81C3F09A-AD5D-458D-852F-36D6A80CFADC}.Debug|x86.Build.0 = Debug|Win32
		{81C3F09A-AD5D-458D-852F-36D6A80CFADC}.Release|x64.ActiveCfg = Release|x64
		{81C3F09A-AD5D-458D-852F-36D6A80CFADC}.Release|x64.Build.0 = Release|x64
		{81C3F09A-AD5D-458D-852F-36D6A80CFADC}.Release|x86.ActiveCfg = Release|Win32
		{81C3F09A-AD5D-458D-852F-36D6A80CFADC}.Release|x86.Build.0 = Release|Win32
		{8CB8517C-01C3-4E22-A52A-75DFAC90D299}.Debug|x64.ActiveCfg = Debug|x64
		{8CB8517C-01C3-4E22-A52A-75DFAC90D299}.Debug|x64.Build.0 = Debug|x64
		{8CB8517C-01C3-4E22-A52A-75DFAC90D299}.Debug|x86.ActiveCfg = Debug|Win32
		{8CB8517C-01C3-4E22-A52A-75DFAC90D299}.Debug|x86.Build.0 = Debug|Win32
		{8CB8517C-01C3-4E22-A52A-75DFAC90D299}.Release|x64.ActiveCfg = Release|x64
		{8CB8517C-01C3-4E22-A52A-75DFAC90D299}.Release|x64.Build.0 = Release|x64
		{8CB8517C-01C3-4E22-A52A-75DFAC90D299}.Release|x86.ActiveCfg = Release|Win32
		{8CB8517C-01C3-4E22-A52A-75DFAC90D299}.Release|x86.Build.0 = Release|Win32
		{6DC976D0-D795-48D5-99F8-EB303ADEEBAB}.Debug|x64.ActiveCfg = Debug|x64
		{6DC976D0-D795-48D5-99F8-EB303ADEEBAB}.Debug|x64.Build.0 = Debug|x64
		{6DC976D0-D795-48D5-99F8-EB303ADEEBAB}.Debug|x86.ActiveCfg = Debug|Win32
		{6DC976D0-D795-48D5-99F8-EB303ADEEBAB}.Debug|x86.Build.0 = Debug|Win32
		{6DC976D0-D795-48D5-99F8-EB303ADEEBAB}.Release|x64.ActiveCfg = Release|x64
		{6DC976D0-D795-48D5-99F8-EB303ADEEBAB}.Release|x64.Build.0 = Release|x64
		{6DC976D0-D795-48D5-99F8-EB303ADEEBAB}.Release|x86.ActiveCfg = Release|Win32
		{6DC976D0-D795-48D5-99F8-EB303ADEEBAB}.Release|x86.Build.0 = Release|Win32
		{DDAD3540-5221-45FF-B12C-ECB3D6132217}.Debug|x64.ActiveCfg = Debug|x64
		{DDAD3540-5221-45FF-B12C-ECB3D6132217}.Debug|x64.Build.0 = Debug|x64
		{DDAD3540-5221-45FF-B12C-ECB3D6132217}.Debug|x86.ActiveCfg = Debug|Win32
		{DDAD3540-5221-45FF-B12C-ECB3D6132217}.Debug|x86.Build.0 = Debug|Win32
		{DDAD3540-5221-45FF-B12C-ECB3D6132217}.Release|x64.ActiveCfg = Release|x64
		{DDAD3540-5221-45FF-B12C-ECB3D6132217}.Release|x64.Build.0 = Release|x64
		{DDAD3540-5221-45FF-B12C-ECB3D6132217}.Release|x86.ActiveCfg = Release|Win32
		{DDAD3540-5221-45FF-B12C-ECB3D6132217}.Release|x86.Build.0 = Release|Win32
		{D6D24B13-9559-415A-B010-0A3A77C91105}.Debug|x64.ActiveCfg = Debug|x64
		{D6D24B13-9559-415A-B010-0A3A77C91105}.Debug|x64.Build.0 = Debug|x64
		{D6D24B13-9559-415A-B010-0A3A77C91105}.Debug|x86.ActiveCfg = Debug|Win32
		{D6D24B13-9559-415A-B010-0A3A77C91105}.Debug|x86.Build.0 = Debug|Win32
		{D6D24B13-9559-415A-B010-0A3A77C91105}.Release|x64.ActiveCfg = Release|x64
		{D6D24B13-9559-415A-B010-0A3A77C91105}.Release|x64.Build.0 = Release|x64
		{D6D24B13-9559-415A-B010-0A3A77C91105}.Release|x86.ActiveCfg = Release|Win32
		{D6D24B13-9559-415A-B010-0A3A77C91105}.Release|x86.Build.0 = Release|Win32
		{222D8ADD-0DF9-4E47-834B-3E5B631D20FD}.Debug|x64.ActiveCfg = Debug|x64
		{222D8ADD-0DF9-4E47-834B-3E5B631D20FD}.Debug|x64.Build.0 = Debug|x64
		{222D8ADD-0DF9-4E47-834B-3E5B631D20FD}.Debug|x86.ActiveCfg = Debug|Win32
		{222D8ADD-0DF9-4E47-834B-3E5B631D20FD}.Debug|x86.Build.0 = Debug|Win32
		{222D8ADD-0DF9-4E47-834B-3E5B631D20FD}.Release|x64.ActiveCfg = Release|x64
		{222D8ADD-0DF9-4E47-834B-3E5B631D20FD}.Release|x64.Build.0 = Release|x64
		{222D8ADD-0DF9-4E47-834B-3E5B631D20FD}.Release|x86.ActiveCfg = Release|Win32
		{222D8ADD-0DF9-4E47-834B-3E5B631D20FD}.Release|x86.Build.0 = Release|Win32
		{29BD486D-2881-49E7-895E-32440EB91357}.Debug|x64.ActiveCfg = Debug|x64
		{29BD486D-2881-49E7-895E-32440EB91357}.Debug|x64.Build.0 = Debug|x64
		{29BD486D-2881-49E7-895E-32440EB91357}.Debug|x86.ActiveCfg = Debug|Win32
		{29BD486D-2881-49E7-895E-32440EB91357}.Debug|x86.Build.0 = Debug|Win32
		{29BD486D-2881-49E7-895E-32440EB91357}.Release|x64.ActiveCfg = Release|x64
		{29BD486D-2881-49E7-895E-32440EB91357}.Release|x64.Build.0 = Release|x64
		{29BD486D-2881-49E7-895E-32440EB91357}.Release|x86.ActiveCfg = Release|Win32
		{29BD486D-2881-49E7-895E-32440EB91357}.Release|x86.Build.0 = Release|Win32
		{B00EE3D6-A4D7-4C35-8310-FB120C69A685}.Debug|x64.ActiveCfg = Debug|x64
		{B00EE3D6-A4D7-4C35-8310-FB120C69A685}.Debug|x64.Build.0 = Debug|x64
		{B00EE3D6-A4D7-4C35-8310-FB120C69A685}.Debug|x86.ActiveCfg = Debug|Win32
		{B00EE3D6-A4D7-4C35-8310-FB120C69A685}.Debug|x86.Build.0 = Debug|Win32
		{B00EE3D6-A4D7-4C35-8310-FB120C69A685}.Release|x64.ActiveCfg = Release|x64
		{B00EE3D6-A4D7-4C35-8310-FB120C69A685}.Release|x64.Build.0 = Release|x64
		{B00EE3D6-A4D7-4C35-8310-FB120C69A685}.Release|x86.ActiveCfg = Release|Win32
		{B00EE3D6-A4D7-4C35-8310-FB120C69A685}.Release|x86.Build.0 = Release|Win32
		{95BC4402-37CE-4F35-98D8-54EBCFBC07D1}.Debug|x64.ActiveCfg = Debug|x64
		{95BC4402-37CE-4F35-98D8-54EBCFBC07D1}.Debug|x64.Build.0 = Debug|x64
		{95BC4402-37CE-4F35-98D8-54EBCFBC07D1}.Debug|x86.ActiveCfg = Debug|Win32
		{95BC4402-37CE-4F35-98D8-54EBCFBC07D1}.Debug|x86.Build.0 = Debug|Win32
		{95BC4402-37CE-4F35-98D8-54EBCFBC07D1}.Release|x64.ActiveCfg = Release|x64
		{95BC4402-37CE-4F35-98D8-54EBCFBC07D1}.Release|x64.Build.0 = Release|x64
		{95BC4402-37CE-4F35-98D8-54EBCFBC07D1}.Release|x86.ActiveCfg = Release|Win32
		{95BC4402-37CE-4F35-98D8-54EBCFBC07D1}.Release|x86.Build.0 = Release|Win32
		{F407A95B-845B-4F2F-8556-936A16A348F6}.Debug|x64.ActiveCfg = Debug|x64
		{F407A95B-845B-4F2F-8556-936A16A348F6}.Debug|x64.Build.0 = Debug|x64
		{F407A95B-845B-4F2F-8556-936A16A348F6}.Debug|x86.ActiveCfg = Debug|Win32
		{F407A95B-845B-4F2F-8556-936A16A348F6}.Debug|x86.Build.0 = Debug|Win32
		{F407A95B-845B-4F2F-8556-936A16A348F6}.Release|x64.ActiveCfg = Release|x64
		{F407A95B-845B-4F2F-8556-936A16A348F6}.Release|x64.Build.0 = Release|x64
		{F407A95B-845B-4F2F-8556-936A16A348F6}.Release|x86.ActiveCfg = Release|Win32
		{F407A95B-845B-4F2F-8556-936A16A348F6}.Release|x86.Build.0 = Release|Win32
		{1D519DBA-FC6A-49FB-871D-3A7B08DBE448}.Debug|x64.ActiveCfg = Debug|x64
		{1D519DBA-FC6A-49FB-871D-3A7B08DBE448}.Debug|x64.Build.0 = Debug|x64
		{1D519DBA-FC6A-49FB-871D-3A7B08DBE448}.Debug|x86.ActiveCfg = Debug|Win32
		{1D519DBA-FC6A-49FB-871D-3A7B08DBE448}.Debug|x86.Build.0 = Debug|Win32
		{1D519DBA-FC6A-49FB-871D-3A7B08DBE448}.Release|x64.ActiveCfg = Release|x64
		{1D519DBA-FC6A-49FB-871D-3A7B08DBE448}.Release|x64.Build.0 = Release|x64
		{1D519DBA-FC6A-49FB-871D-3A7B08DBE448}.Release|x86.ActiveCfg = Release|Win32
		{1D519DBA-FC6A-49FB-871D-3A7B08DBE448}.Release|x86.Build.0 = Release|Win32
		{FD505CEB-F42D-41E3-898C-B27BE5C6D125}.Debug|x64.ActiveCfg = Debug|x64
		{FD505CEB-F42D-41E3-898C-B27BE5C6D125}.Debug|x64.Build.0 = Debug|x64
		{FD505CEB-F42D-41E3-898C-B27BE5C6D125}.Debug|x86.ActiveCfg = Debug|Win32
		{FD505CEB-F42D-41E3-898C-B27BE5C6D125}.Debug|x86.Build.0 = Debug|Win32
		{FD505CEB-F42D-41E3-898C-B27BE5C6D125}.Release|x64.ActiveCfg = Release|x64
		{FD505CEB-F42D-41E3-898C-B27BE5C6D125}.Release|x64.Build.0 = Release|x64
		{FD505CEB-F42D-41E3-898C-B27BE5C6D125}.Release|x86.ActiveCfg = Release|Win32
		{FD505CEB-F42D-41E3-898C-B27BE5C6D125}.Release|x86.Build.0 = Release|Win32
		{32A2F00D-3242-4C87-A3E2-C989A7695BCE}.Debug|x64.ActiveCfg = Debug|x64
		{32A2F00D-3242-4C87-A3E2-C989A7695BCE}.Debug|x64.Build.0 = Debug|x64
		{32A2F00D-3242-4C87-A3E2-C989A7695BCE}.Debug|x86.ActiveCfg = Debug|Win32
		{32A2F00D-3242-4C87-A3E2-C989A7695BCE}.Debug|x86.Build.0 = Debug|Win32
		{32A2F00D-3242-4C87-A3E2-C989A7695BCE}.Release|x64.ActiveCfg = Release|x64
		{32A2F00D-3242-4C87-A3E2-C989A7695BCE}.Release|x64.Build.0 = Release|x64
		{32A2F00D-3242-4C87-A3E2-C989A7695BCE}.Release|x86.ActiveCfg = Release|Win32
		{32A2F00D-3242-4C87-A3E2-C989A7695BCE}.Release|x86.Build.0 = Release|Win32
		{904E7026-613C-41F2-9494-AE833C91D9D0}.Debug|x64.ActiveCfg = Debug|x64
		{904E7026-613C-41F2-9494-AE833C91D9D0}.Debug|x64.Build.0 = Debug|x64
		{904E7026-613C-41F2-9494-AE833C91D9D0}.Debug|x86.ActiveCfg = Debug|Win32
		{904E7026-613C-41F2-9494-AE833C91D9D0}.Debug|x86.Build.0 = Debug|Win32
		{904E7026-613C-41F2-9494-AE833C91D9D0}.Release|x64.ActiveCfg = Release|x64
		{904E7026-613C-41F2-9494-AE833C91D9D0}.Release|x64.Build.0 = Release|x64
		{904E7026-613C-41F2-9494-AE833C91D9D0}.Release|x86.ActiveCfg = Release|Win32
		{904E7026-613C-41F2-9494-AE833C91D9D0}.Release|x86.Build.0 = Release|Win32
	EndGlobalSection
	GlobalSection(SolutionProperties) = preSolution
		HideSolutionNode = FALSE
	EndGlobalSection
	GlobalSection(ExtensibilityGlobals) = postSolution
		SolutionGuid = {D2E72311-56FE-4E93-A8AC-A4449763F696}
	EndGlobalSection
EndGlobal
